
Microsoft Visual Studio Solution File, Format Version 12.00
# Visual Studio Version 17
VisualStudioVersion = 17.5.33530.505
MinimumVisualStudioVersion = 10.0.40219.1
Project("{FAE04EC0-301F-11D3-BF4B-00C04F79EFBC}") = "pasjans", "pasjans\pasjans.csproj", "{3AB623EF-EAA5-4201-A553-C892FED70A64}"
EndProject
Global
	GlobalSection(SolutionConfigurationPlatforms) = preSolution
		Debug|Any CPU = Debug|Any CPU
		Release|Any CPU = Release|Any CPU
	EndGlobalSection
	GlobalSection(ProjectConfigurationPlatforms) = postSolution
		{3AB623EF-EAA5-4201-A553-C892FED70A64}.Debug|Any CPU.ActiveCfg = Debug|Any CPU
		{3AB623EF-EAA5-4201-A553-C892FED70A64}.Debug|Any CPU.Build.0 = Debug|Any CPU
		{3AB623EF-EAA5-4201-A553-C892FED70A64}.Release|Any CPU.ActiveCfg = Release|Any CPU
		{3AB623EF-EAA5-4201-A553-C892FED70A64}.Release|Any CPU.Build.0 = Release|Any CPU
	EndGlobalSection
	GlobalSection(SolutionProperties) = preSolution
		HideSolutionNode = FALSE
	EndGlobalSection
	GlobalSection(ExtensibilityGlobals) = postSolution
		SolutionGuid = {061190A2-CE37-44B1-A54C-0AC3151DCAB3}
	EndGlobalSection
EndGlobal
